# native-asr dataset artifact lock, schema 1
# asset_id|dataset|name|source|revision|filename|sha256|md5|size|license|packaging|install_path|expected_count|notes
librispeech-test-clean-2017|librispeech-test-clean|LibriSpeech test-clean|https://www.openslr.org/resources/12/test-clean.tar.gz|SLR12-2017-10-03|test-clean.tar.gz|39fde525e59672dc6d1551919b1478f724438a95aa55f874b576be21967e6c23|32fa31d27d2e1cad72775fee3f4849a9|346663984|CC-BY-4.0|tar.gz|.|2620|Official compact clean evaluation split
librispeech-test-other-2017|librispeech-test-other|LibriSpeech test-other|https://www.openslr.org/resources/12/test-other.tar.gz|SLR12-2017-10-03|test-other.tar.gz|d09c181bba5cf717b3dee7d4d592af11a3ee3a09e08ae025c5506f6ebe961c29|fb5a50374b501bb3bac4815ee91d3135|328757843|CC-BY-4.0|tar.gz|.|2939|Official compact challenging evaluation split
ami-es2004a-headset-mix|ami-es2004a|AMI ES2004a headset mix and manual annotations|https://groups.inf.ed.ac.uk/ami/AMICorpusMirror/amicorpus/HeadsetAudio/ES2004a.Mix-Headset.wav|AMI-public-2005-03-14|ES2004a.Mix-Headset.wav|3e2560b19bee6952c7c7ce041b0f1ea8a7ea9468044c4eea79d2a2c67e24ab0f||33579394|CC-BY-4.0|file|amicorpus/HeadsetAudio/ES2004a.Mix-Headset.wav|1|Single mixed-headset long-form meeting audio
ami-manual-annotations-1.6.2|ami-es2004a|AMI ES2004a headset mix and manual annotations|https://groups.inf.ed.ac.uk/ami/AMICorpusAnnotations/ami_public_manual_1.6.2.zip|AMI-manual-1.6.2-2017-04-10|ami_public_manual_1.6.2.zip|b56e5babb2496b8795deeeda7e71178d7fbc9963f94276cf2a3f4b56ebbc9f9d||22887865|CC-BY-4.0|zip|amicorpus/annotations|1|Manual NXT annotations including orthographic transcription
