# native-asr model artifact lock, schema 1
# Fields are pipe-delimited. Literal pipe characters are forbidden in values.
# artifact_id|model_alias|runtime|name|source|revision|filename|destination|sha256|license|packaging|requires|notes
sherpa-silero-vad-v4|sherpa:silero-vad|sherpa-onnx|Silero VAD v4|https://github.com/k2-fsa/sherpa-onnx/releases/download/asr-models/silero_vad.onnx|asr-models@2025-07-11T07:04:32Z|silero_vad.onnx|sherpa-onnx/_shared/silero_vad.onnx|9e2449e1087496d8d4caba907f23e0bd3f78d91fa552479bb9c23ac09cbb1fd6|MIT|file||Shared VAD dependency for long-form offline decoding
sherpa-parakeet-unified-en-int8|sherpa:parakeet-unified-en|sherpa-onnx|Parakeet Unified EN 0.6B INT8 non-streaming|https://github.com/k2-fsa/sherpa-onnx/releases/download/asr-models/sherpa-onnx-nemo-parakeet-unified-en-0.6b-int8-non-streaming.tar.bz2|asr-models@2026-04-27T07:49:02Z|sherpa-onnx-nemo-parakeet-unified-en-0.6b-int8-non-streaming.tar.bz2|sherpa-onnx/parakeet-unified-en-0.6b-int8|99f63605b3a85a54c250c0869670a687b7d6598a47bf2421515e1f839a76e150|NVIDIA-Open-Model-License|tar.bz2|sherpa:silero-vad|Offline conversion; use VAD segmentation for long audio
sherpa-canary-180m-flash-int8|sherpa:canary-180m-flash|sherpa-onnx|Canary 180M Flash EN ES DE FR INT8|https://github.com/k2-fsa/sherpa-onnx/releases/download/asr-models/sherpa-onnx-nemo-canary-180m-flash-en-es-de-fr-int8.tar.bz2|asr-models@2025-07-07T08:05:04Z|sherpa-onnx-nemo-canary-180m-flash-en-es-de-fr-int8.tar.bz2|sherpa-onnx/canary-180m-flash-int8|7a38ed8b13f014ad632b09ff8d22e0c6f1359dd046af9235d281dfae841b9ab9|CC-BY-4.0|tar.bz2|sherpa:silero-vad|Offline lightweight multilingual challenger
sherpa-nemotron-streaming-en-560ms-int8|sherpa:nemotron-streaming-en|sherpa-onnx|Nemotron Speech Streaming EN 0.6B 560 ms INT8|https://github.com/k2-fsa/sherpa-onnx/releases/download/asr-models/sherpa-onnx-nemotron-speech-streaming-en-0.6b-560ms-int8-2026-04-25.tar.bz2|asr-models@2026-04-25T10:53:11Z|sherpa-onnx-nemotron-speech-streaming-en-0.6b-560ms-int8-2026-04-25.tar.bz2|sherpa-onnx/nemotron-streaming-en-560ms-int8|78e2b79fcf7271553a74402a76b771b09ea40117a39566a79f52235b23db6358|NVIDIA-Open-Model-License|tar.bz2||Cache-aware streaming RNNT and cross-runtime benchmark model
nemo-parakeet-tdt-v3-q8|nemo:parakeet-tdt-v3|nemo-speech|Parakeet TDT 0.6B v3 Q8_0|https://huggingface.co/nvidia/parakeet-tdt-0.6b-v3/resolve/541d1f99c6b0c3cd0b11a95167540bb8edefd82b/parakeet-tdt-0.6b-v3.q8_0.gguf?download=true|541d1f99c6b0c3cd0b11a95167540bb8edefd82b|parakeet-tdt-0.6b-v3.q8_0.gguf|nemo-speech/parakeet-tdt-v3/parakeet-tdt-0.6b-v3.q8_0.gguf|e3880d0aaaaf2c308ea2c35016b2b895c423eb3fda924c1b463d1c19b7f4d32e|CC-BY-4.0|file||Official NVIDIA Q8 artifact; full-utterance offline model
nemo-nemotron-streaming-en-q8|nemo:nemotron-streaming-en|nemo-speech|Nemotron Speech Streaming EN 0.6B Q8_0|https://huggingface.co/nvidia/nemotron-speech-streaming-en-0.6b/resolve/ebe59e5a817142986528bbbee5dba8db7b38ed50/nemotron-speech-streaming-en-0.6b.q8_0.gguf?download=true|ebe59e5a817142986528bbbee5dba8db7b38ed50|nemotron-speech-streaming-en-0.6b.q8_0.gguf|nemo-speech/nemotron-streaming-en/nemotron-speech-streaming-en-0.6b.q8_0.gguf|d9a01898d2a611c8764e23a1c2f45e70bbd5a425dc4de93692ac951dd603812d|NVIDIA-Open-Model-License|file||Official NVIDIA Q8 artifact and sherpa cross-runtime counterpart
nemo-nemotron-3.5-streaming-q8|nemo:nemotron-3.5-streaming|nemo-speech|Nemotron 3.5 ASR Streaming 0.6B Q8_0|https://huggingface.co/nvidia/nemotron-3.5-asr-streaming-0.6b/resolve/1c8deaecc64b91f034d73e08dd8b64625eb3395d/nemotron-3.5-asr-streaming-0.6b.q8_0.gguf?download=true|1c8deaecc64b91f034d73e08dd8b64625eb3395d|nemotron-3.5-asr-streaming-0.6b.q8_0.gguf|nemo-speech/nemotron-3.5-streaming/nemotron-3.5-asr-streaming-0.6b.q8_0.gguf|a5c435f294eea8f88ce68dd27b8c3bfea7f777cb2fbba04fcd30eaa555f429ae|OpenMDW-1.1|file||Official NVIDIA multilingual cache-aware streaming Q8 artifact
nemo-parakeet-ctc-1.1b-q8|nemo:parakeet-ctc-1.1b|nemo-speech|Parakeet CTC 1.1B Q8_0|https://huggingface.co/nvidia/parakeet-ctc-1.1b/resolve/20e63a0fed6aedba145b74b826dbd41df0941730/parakeet-ctc-1.1b.q8_0.gguf?download=true|20e63a0fed6aedba145b74b826dbd41df0941730|parakeet-ctc-1.1b.q8_0.gguf|nemo-speech/parakeet-ctc-1.1b/parakeet-ctc-1.1b.q8_0.gguf|6584fc0fdacf1c220401ea4c3a1d5b44454b655c141cb8672178072c203d92b8|CC-BY-4.0|file||Official NVIDIA experimental batch-throughput Q8 artifact
